
Microsoft Visual Studio Solution File, Format Version 12.00
# Visual Studio Version 17
VisualStudioVersion = 17.1.32414.318
MinimumVisualStudioVersion = 15.0.26124.0
Project("{9A19103F-16F7-4668-BE54-9A1E7A4F7556}") = "TenantOnboardingInfra", "TenantOnboardingInfra\TenantOnboardingInfra.csproj", "{46E19CDD-A559-4963-B590-85CB483BB68D}"
EndProject
Project("{9A19103F-16F7-4668-BE54-9A1E7A4F7556}") = "TenantOnboardingFunction", "TenantOnboardingFunction\TenantOnboardingFunction.csproj", "{8FDA6111-ADAE-4053-9EDD-34D2A601E99D}"
EndProject
Project("{9A19103F-16F7-4668-BE54-9A1E7A4F7556}") = "InfraProvisioningFunction", "InfraProvisioningFunction\InfraProvisioningFunction.csproj", "{8EFF82B2-344A-47E9-A694-EA20B807FF0E}"
EndProject
Global
	GlobalSection(SolutionConfigurationPlatforms) = preSolution
		Debug|Any CPU = Debug|Any CPU
		Debug|x64 = Debug|x64
		Debug|x86 = Debug|x86
		Release|Any CPU = Release|Any CPU
		Release|x64 = Release|x64
		Release|x86 = Release|x86
	EndGlobalSection
	GlobalSection(ProjectConfigurationPlatforms) = postSolution
		{46E19CDD-A559-4963-B590-85CB483BB68D}.Debug|Any CPU.ActiveCfg = Debug|Any CPU
		{46E19CDD-A559-4963-B590-85CB483BB68D}.Debug|Any CPU.Build.0 = Debug|Any CPU
		{46E19CDD-A559-4963-B590-85CB483BB68D}.Debug|x64.ActiveCfg = Debug|Any CPU
		{46E19CDD-A559-4963-B590-85CB483BB68D}.Debug|x64.Build.0 = Debug|Any CPU
		{46E19CDD-A559-4963-B590-85CB483BB68D}.Debug|x86.ActiveCfg = Debug|Any CPU
		{46E19CDD-A559-4963-B590-85CB483BB68D}.Debug|x86.Build.0 = Debug|Any CPU
		{46E19CDD-A559-4963-B590-85CB483BB68D}.Release|Any CPU.ActiveCfg = Release|Any CPU
		{46E19CDD-A559-4963-B590-85CB483BB68D}.Release|Any CPU.Build.0 = Release|Any CPU
		{46E19CDD-A559-4963-B590-85CB483BB68D}.Release|x64.ActiveCfg = Release|Any CPU
		{46E19CDD-A559-4963-B590-85CB483BB68D}.Release|x64.Build.0 = Release|Any CPU
		{46E19CDD-A559-4963-B590-85CB483BB68D}.Release|x86.ActiveCfg = Release|Any CPU
		{46E19CDD-A559-4963-B590-85CB483BB68D}.Release|x86.Build.0 = Release|Any CPU
		{8FDA6111-ADAE-4053-9EDD-34D2A601E99D}.Debug|Any CPU.ActiveCfg = Debug|Any CPU
		{8FDA6111-ADAE-4053-9EDD-34D2A601E99D}.Debug|Any CPU.Build.0 = Debug|Any CPU
		{8FDA6111-ADAE-4053-9EDD-34D2A601E99D}.Debug|x64.ActiveCfg = Debug|Any CPU
		{8FDA6111-ADAE-4053-9EDD-34D2A601E99D}.Debug|x64.Build.0 = Debug|Any CPU
		{8FDA6111-ADAE-4053-9EDD-34D2A601E99D}.Debug|x86.ActiveCfg = Debug|Any CPU
		{8FDA6111-ADAE-4053-9EDD-34D2A601E99D}.Debug|x86.Build.0 = Debug|Any CPU
		{8FDA6111-ADAE-4053-9EDD-34D2A601E99D}.Release|Any CPU.ActiveCfg = Release|Any CPU
		{8FDA6111-ADAE-4053-9EDD-34D2A601E99D}.Release|Any CPU.Build.0 = Release|Any CPU
		{8FDA6111-ADAE-4053-9EDD-34D2A601E99D}.Release|x64.ActiveCfg = Release|Any CPU
		{8FDA6111-ADAE-4053-9EDD-34D2A601E99D}.Release|x64.Build.0 = Release|Any CPU
		{8FDA6111-ADAE-4053-9EDD-34D2A601E99D}.Release|x86.ActiveCfg = Release|Any CPU
		{8FDA6111-ADAE-4053-9EDD-34D2A601E99D}.Release|x86.Build.0 = Release|Any CPU
		{8EFF82B2-344A-47E9-A694-EA20B807FF0E}.Debug|Any CPU.ActiveCfg = Debug|Any CPU
		{8EFF82B2-344A-47E9-A694-EA20B807FF0E}.Debug|Any CPU.Build.0 = Debug|Any CPU
		{8EFF82B2-344A-47E9-A694-EA20B807FF0E}.Debug|x64.ActiveCfg = Debug|Any CPU
		{8EFF82B2-344A-47E9-A694-EA20B807FF0E}.Debug|x64.Build.0 = Debug|Any CPU
		{8EFF82B2-344A-47E9-A694-EA20B807FF0E}.Debug|x86.ActiveCfg = Debug|Any CPU
		{8EFF82B2-344A-47E9-A694-EA20B807FF0E}.Debug|x86.Build.0 = Debug|Any CPU
		{8EFF82B2-344A-47E9-A694-EA20B807FF0E}.Release|Any CPU.ActiveCfg = Release|Any CPU
		{8EFF82B2-344A-47E9-A694-EA20B807FF0E}.Release|Any CPU.Build.0 = Release|Any CPU
		{8EFF82B2-344A-47E9-A694-EA20B807FF0E}.Release|x64.ActiveCfg = Release|Any CPU
		{8EFF82B2-344A-47E9-A694-EA20B807FF0E}.Release|x64.Build.0 = Release|Any CPU
		{8EFF82B2-344A-47E9-A694-EA20B807FF0E}.Release|x86.ActiveCfg = Release|Any CPU
		{8EFF82B2-344A-47E9-A694-EA20B807FF0E}.Release|x86.Build.0 = Release|Any CPU
	EndGlobalSection
	GlobalSection(SolutionProperties) = preSolution
		HideSolutionNode = FALSE
	EndGlobalSection
	GlobalSection(ExtensibilityGlobals) = postSolution
		SolutionGuid = {B99132E3-AD98-4F7B-A7B2-024E788BD60B}
	EndGlobalSection
EndGlobal
